// !$*UTF8*$!
{
	archiveVersion = 1;
	classes = {
	};
	objectVersion = 51;
	objects = {

/* Begin PBXBuildFile section */
		320FF43124263F5300C9CFB0 /* Extensions.swift in Sources */ = {isa = PBXBuildFile; fileRef = 320FF43024263F5300C9CFB0 /* Extensions.swift */; };
		320FF4362426441F00C9CFB0 /* ForecastCollectionViewCell.swift in Sources */ = {isa = PBXBuildFile; fileRef = 320FF4342426441F00C9CFB0 /* ForecastCollectionViewCell.swift */; };
		320FF4372426441F00C9CFB0 /* ForecastCollectionViewCell.xib in Resources */ = {isa = PBXBuildFile; fileRef = 320FF4352426441F00C9CFB0 /* ForecastCollectionViewCell.xib */; };
		320FF43A24266F3100C9CFB0 /* InfoCollectionViewCell.swift in Sources */ = {isa = PBXBuildFile; fileRef = 320FF43824266F3100C9CFB0 /* InfoCollectionViewCell.swift */; };
		320FF43B24266F3100C9CFB0 /* InfoCollectionViewCell.xib in Resources */ = {isa = PBXBuildFile; fileRef = 320FF43924266F3100C9CFB0 /* InfoCollectionViewCell.xib */; };
		320FF43D2426734B00C9CFB0 /* WeatherInfo.swift in Sources */ = {isa = PBXBuildFile; fileRef = 320FF43C2426734B00C9CFB0 /* WeatherInfo.swift */; };
		320FF44024267BA500C9CFB0 /* WeatherTableViewCell.swift in Sources */ = {isa = PBXBuildFile; fileRef = 320FF43E24267BA500C9CFB0 /* WeatherTableViewCell.swift */; };
		320FF44124267BA500C9CFB0 /* WeatherTableViewCell.xib in Resources */ = {isa = PBXBuildFile; fileRef = 320FF43F24267BA500C9CFB0 /* WeatherTableViewCell.xib */; };
		323ACF1E24252FF1009B7A3B /* CurrentWeather.swift in Sources */ = {isa = PBXBuildFile; fileRef = 323ACF1D24252FF1009B7A3B /* CurrentWeather.swift */; };
		323ACF2124254928009B7A3B /* GlobalHelpers.swift in Sources */ = {isa = PBXBuildFile; fileRef = 323ACF2024254928009B7A3B /* GlobalHelpers.swift */; };
		323ACF23242554EC009B7A3B /* HourlyForecast.swift in Sources */ = {isa = PBXBuildFile; fileRef = 323ACF22242554EC009B7A3B /* HourlyForecast.swift */; };
		323ACF252425733B009B7A3B /* WeeklyWeatherForecast.swift in Sources */ = {isa = PBXBuildFile; fileRef = 323ACF242425733B009B7A3B /* WeeklyWeatherForecast.swift */; };
		323C8F2C2427883C00EC566B /* WeatherLocation.swift in Sources */ = {isa = PBXBuildFile; fileRef = 323C8F2B2427883C00EC566B /* WeatherLocation.swift */; };
		323C8F2E24278A7600EC566B /* apiURLS.swift in Sources */ = {isa = PBXBuildFile; fileRef = 323C8F2D24278A7600EC566B /* apiURLS.swift */; };
		323C8F302427C2D400EC566B /* locations.csv in Resources */ = {isa = PBXBuildFile; fileRef = 323C8F2F2427C2D400EC566B /* locations.csv */; };
		3254E5372425299B00592A43 /* AppDelegate.swift in Sources */ = {isa = PBXBuildFile; fileRef = 3254E5362425299B00592A43 /* AppDelegate.swift */; };
		3254E5392425299B00592A43 /* SceneDelegate.swift in Sources */ = {isa = PBXBuildFile; fileRef = 3254E5382425299B00592A43 /* SceneDelegate.swift */; };
		3254E53E2425299B00592A43 /* Main.storyboard in Resources */ = {isa = PBXBuildFile; fileRef = 3254E53C2425299B00592A43 /* Main.storyboard */; };
		3254E5402425299C00592A43 /* Assets.xcassets in Resources */ = {isa = PBXBuildFile; fileRef = 3254E53F2425299C00592A43 /* Assets.xcassets */; };
		3254E5432425299C00592A43 /* LaunchScreen.storyboard in Resources */ = {isa = PBXBuildFile; fileRef = 3254E5412425299C00592A43 /* LaunchScreen.storyboard */; };
		326F492C2427C84800033CFA /* AllLocationsTableViewController.swift in Sources */ = {isa = PBXBuildFile; fileRef = 326F492B2427C84800033CFA /* AllLocationsTableViewController.swift */; };
		326F492E2427C86100033CFA /* ChooseCityViewController.swift in Sources */ = {isa = PBXBuildFile; fileRef = 326F492D2427C86100033CFA /* ChooseCityViewController.swift */; };
		32FC534D2426158400C08CFE /* WeatherViewController.swift in Sources */ = {isa = PBXBuildFile; fileRef = 32FC534C2426158400C08CFE /* WeatherViewController.swift */; };
		32FC53502426253400C08CFE /* WeatherView.swift in Sources */ = {isa = PBXBuildFile; fileRef = 32FC534E2426253400C08CFE /* WeatherView.swift */; };
		32FC53512426253400C08CFE /* WeatherView.xib in Resources */ = {isa = PBXBuildFile; fileRef = 32FC534F2426253400C08CFE /* WeatherView.xib */; };
		6278D8868F170DE2735A7103 /* Pods_Weather_Forecast.framework in Frameworks */ = {isa = PBXBuildFile; fileRef = A8C8D7CEFC9F2250AB8E4E43 /* Pods_Weather_Forecast.framework */; };
/* End PBXBuildFile section */

/* Begin PBXFileReference section */
		126D33979D89E65D53EAF779 /* Pods-Weather Forecast.debug.xcconfig */ = {isa = PBXFileReference; includeInIndex = 1; lastKnownFileType = text.xcconfig; name = "Pods-Weather Forecast.debug.xcconfig"; path = "Target Support Files/Pods-Weather Forecast/Pods-Weather Forecast.debug.xcconfig"; sourceTree = "<group>"; };
		320FF43024263F5300C9CFB0 /* Extensions.swift */ = {isa = PBXFileReference; lastKnownFileType = sourcecode.swift; path = Extensions.swift; sourceTree = "<group>"; };
		320FF4342426441F00C9CFB0 /* ForecastCollectionViewCell.swift */ = {isa = PBXFileReference; lastKnownFileType = sourcecode.swift; path = ForecastCollectionViewCell.swift; sourceTree = "<group>"; };
		320FF4352426441F00C9CFB0 /* ForecastCollectionViewCell.xib */ = {isa = PBXFileReference; lastKnownFileType = file.xib; path = ForecastCollectionViewCell.xib; sourceTree = "<group>"; };
		320FF43824266F3100C9CFB0 /* InfoCollectionViewCell.swift */ = {isa = PBXFileReference; lastKnownFileType = sourcecode.swift; path = InfoCollectionViewCell.swift; sourceTree = "<group>"; };
		320FF43924266F3100C9CFB0 /* InfoCollectionViewCell.xib */ = {isa = PBXFileReference; lastKnownFileType = file.xib; path = InfoCollectionViewCell.xib; sourceTree = "<group>"; };
		320FF43C2426734B00C9CFB0 /* WeatherInfo.swift */ = {isa = PBXFileReference; lastKnownFileType = sourcecode.swift; path = WeatherInfo.swift; sourceTree = "<group>"; };
		320FF43E24267BA500C9CFB0 /* WeatherTableViewCell.swift */ = {isa = PBXFileReference; lastKnownFileType = sourcecode.swift; path = WeatherTableViewCell.swift; sourceTree = "<group>"; };
		320FF43F24267BA500C9CFB0 /* WeatherTableViewCell.xib */ = {isa = PBXFileReference; lastKnownFileType = file.xib; path = WeatherTableViewCell.xib; sourceTree = "<group>"; };
		323ACF1D24252FF1009B7A3B /* CurrentWeather.swift */ = {isa = PBXFileReference; lastKnownFileType = sourcecode.swift; path = CurrentWeather.swift; sourceTree = "<group>"; };
		323ACF2024254928009B7A3B /* GlobalHelpers.swift */ = {isa = PBXFileReference; lastKnownFileType = sourcecode.swift; path = GlobalHelpers.swift; sourceTree = "<group>"; };
		323ACF22242554EC009B7A3B /* HourlyForecast.swift */ = {isa = PBXFileReference; lastKnownFileType = sourcecode.swift; path = HourlyForecast.swift; sourceTree = "<group>"; };
		323ACF242425733B009B7A3B /* WeeklyWeatherForecast.swift */ = {isa = PBXFileReference; lastKnownFileType = sourcecode.swift; path = WeeklyWeatherForecast.swift; sourceTree = "<group>"; };
		323C8F2B2427883C00EC566B /* WeatherLocation.swift */ = {isa = PBXFileReference; lastKnownFileType = sourcecode.swift; path = WeatherLocation.swift; sourceTree = "<group>"; };
		323C8F2D24278A7600EC566B /* apiURLS.swift */ = {isa = PBXFileReference; lastKnownFileType = sourcecode.swift; path = apiURLS.swift; sourceTree = "<group>"; };
		323C8F2F2427C2D400EC566B /* locations.csv */ = {isa = PBXFileReference; fileEncoding = 4; lastKnownFileType = text; path = locations.csv; sourceTree = "<group>"; };
		3254E5332425299B00592A43 /* Weather Forecast.app */ = {isa = PBXFileReference; explicitFileType = wrapper.application; includeInIndex = 0; path = "Weather Forecast.app"; sourceTree = BUILT_PRODUCTS_DIR; };
		3254E5362425299B00592A43 /* AppDelegate.swift */ = {isa = PBXFileReference; lastKnownFileType = sourcecode.swift; path = AppDelegate.swift; sourceTree = "<group>"; };
		3254E5382425299B00592A43 /* SceneDelegate.swift */ = {isa = PBXFileReference; lastKnownFileType = sourcecode.swift; path = SceneDelegate.swift; sourceTree = "<group>"; };
		3254E53D2425299B00592A43 /* Base */ = {isa = PBXFileReference; lastKnownFileType = file.storyboard; name = Base; path = Base.lproj/Main.storyboard; sourceTree = "<group>"; };
		3254E53F2425299C00592A43 /* Assets.xcassets */ = {isa = PBXFileReference; lastKnownFileType = folder.assetcatalog; path = Assets.xcassets; sourceTree = "<group>"; };
		3254E5422425299C00592A43 /* Base */ = {isa = PBXFileReference; lastKnownFileType = file.storyboard; name = Base; path = Base.lproj/LaunchScreen.storyboard; sourceTree = "<group>"; };
		3254E5442425299C00592A43 /* Info.plist */ = {isa = PBXFileReference; lastKnownFileType = text.plist.xml; path = Info.plist; sourceTree = "<group>"; };
		326F492B2427C84800033CFA /* AllLocationsTableViewController.swift */ = {isa = PBXFileReference; lastKnownFileType = sourcecode.swift; path = AllLocationsTableViewController.swift; sourceTree = "<group>"; };
		326F492D2427C86100033CFA /* ChooseCityViewController.swift */ = {isa = PBXFileReference; lastKnownFileType = sourcecode.swift; path = ChooseCityViewController.swift; sourceTree = "<group>"; };
		32FC534C2426158400C08CFE /* WeatherViewController.swift */ = {isa = PBXFileReference; lastKnownFileType = sourcecode.swift; path = WeatherViewController.swift; sourceTree = "<group>"; };
		32FC534E2426253400C08CFE /* WeatherView.swift */ = {isa = PBXFileReference; lastKnownFileType = sourcecode.swift; path = WeatherView.swift; sourceTree = "<group>"; };
		32FC534F2426253400C08CFE /* WeatherView.xib */ = {isa = PBXFileReference; lastKnownFileType = file.xib; path = WeatherView.xib; sourceTree = "<group>"; };
		A8C8D7CEFC9F2250AB8E4E43 /* Pods_Weather_Forecast.framework */ = {isa = PBXFileReference; explicitFileType = wrapper.framework; includeInIndex = 0; path = Pods_Weather_Forecast.framework; sourceTree = BUILT_PRODUCTS_DIR; };
		C965FD1991980A723A5042B5 /* Pods-Weather Forecast.release.xcconfig */ = {isa = PBXFileReference; includeInIndex = 1; lastKnownFileType = text.xcconfig; name = "Pods-Weather Forecast.release.xcconfig"; path = "Target Support Files/Pods-Weather Forecast/Pods-Weather Forecast.release.xcconfig"; sourceTree = "<group>"; };
/* End PBXFileReference section */

/* Begin PBXFrameworksBuildPhase section */
		3254E5302425299B00592A43 /* Frameworks */ = {
			isa = PBXFrameworksBuildPhase;
			buildActionMask = 2147483647;
			files = (
				6278D8868F170DE2735A7103 /* Pods_Weather_Forecast.framework in Frameworks */,
			);
			runOnlyForDeploymentPostprocessing = 0;
		};
/* End PBXFrameworksBuildPhase section */

/* Begin PBXGroup section */
		323ACF1F24252FF5009B7A3B /* Model */ = {
			isa = PBXGroup;
			children = (
				323ACF1D24252FF1009B7A3B /* CurrentWeather.swift */,
				323ACF22242554EC009B7A3B /* HourlyForecast.swift */,
				323ACF242425733B009B7A3B /* WeeklyWeatherForecast.swift */,
			);
			path = Model;
			sourceTree = "<group>";
		};
		323C8F28242787BE00EC566B /* ModelHelpers */ = {
			isa = PBXGroup;
			children = (
				320FF43C2426734B00C9CFB0 /* WeatherInfo.swift */,
				323C8F2B2427883C00EC566B /* WeatherLocation.swift */,
			);
			path = ModelHelpers;
			sourceTree = "<group>";
		};
		323C8F29242787C900EC566B /* Extensions */ = {
			isa = PBXGroup;
			children = (
				320FF43024263F5300C9CFB0 /* Extensions.swift */,
			);
			path = Extensions;
			sourceTree = "<group>";
		};
		323C8F2A242787FF00EC566B /* Helpers */ = {
			isa = PBXGroup;
			children = (
				323C8F2D24278A7600EC566B /* apiURLS.swift */,
				323ACF2024254928009B7A3B /* GlobalHelpers.swift */,
			);
			path = Helpers;
			sourceTree = "<group>";
		};
		3254E52A2425299B00592A43 = {
			isa = PBXGroup;
			children = (
				3254E5352425299B00592A43 /* Weather Forecast */,
				3254E5342425299B00592A43 /* Products */,
				9A7044C6C953C9155A3306BA /* Pods */,
				9D2CA9D9258E7C753F7B9C8D /* Frameworks */,
			);
			sourceTree = "<group>";
		};
		3254E5342425299B00592A43 /* Products */ = {
			isa = PBXGroup;
			children = (
				3254E5332425299B00592A43 /* Weather Forecast.app */,
			);
			name = Products;
			sourceTree = "<group>";
		};
		3254E5352425299B00592A43 /* Weather Forecast */ = {
			isa = PBXGroup;
			children = (
				3254E5362425299B00592A43 /* AppDelegate.swift */,
				3254E5382425299B00592A43 /* SceneDelegate.swift */,
				326F492A2427C82700033CFA /* Controllers */,
				32FC535224262E7D00C08CFE /* Views */,
				323C8F28242787BE00EC566B /* ModelHelpers */,
				323ACF1F24252FF5009B7A3B /* Model */,
				323C8F29242787C900EC566B /* Extensions */,
				323C8F2A242787FF00EC566B /* Helpers */,
				3254E53C2425299B00592A43 /* Main.storyboard */,
				3254E53F2425299C00592A43 /* Assets.xcassets */,
				3254E5412425299C00592A43 /* LaunchScreen.storyboard */,
				323C8F2F2427C2D400EC566B /* locations.csv */,
				3254E5442425299C00592A43 /* Info.plist */,
			);
			path = "Weather Forecast";
			sourceTree = "<group>";
		};
		326F492A2427C82700033CFA /* Controllers */ = {
			isa = PBXGroup;
			children = (
				32FC534C2426158400C08CFE /* WeatherViewController.swift */,
				326F492B2427C84800033CFA /* AllLocationsTableViewController.swift */,
				326F492D2427C86100033CFA /* ChooseCityViewController.swift */,
			);
			path = Controllers;
			sourceTree = "<group>";
		};
		32FC535224262E7D00C08CFE /* Views */ = {
			isa = PBXGroup;
			children = (
				32FC534E2426253400C08CFE /* WeatherView.swift */,
				32FC534F2426253400C08CFE /* WeatherView.xib */,
				320FF4342426441F00C9CFB0 /* ForecastCollectionViewCell.swift */,
				320FF4352426441F00C9CFB0 /* ForecastCollectionViewCell.xib */,
				320FF43824266F3100C9CFB0 /* InfoCollectionViewCell.swift */,
				320FF43924266F3100C9CFB0 /* InfoCollectionViewCell.xib */,
				320FF43E24267BA500C9CFB0 /* WeatherTableViewCell.swift */,
				320FF43F24267BA500C9CFB0 /* WeatherTableViewCell.xib */,
			);
			path = Views;
			sourceTree = "<group>";
		};
		9A7044C6C953C9155A3306BA /* Pods */ = {
			isa = PBXGroup;
			children = (
				126D33979D89E65D53EAF779 /* Pods-Weather Forecast.debug.xcconfig */,
				C965FD1991980A723A5042B5 /* Pods-Weather Forecast.release.xcconfig */,
			);
			path = Pods;
			sourceTree = "<group>";
		};
		9D2CA9D9258E7C753F7B9C8D /* Frameworks */ = {
			isa = PBXGroup;
			children = (
				A8C8D7CEFC9F2250AB8E4E43 /* Pods_Weather_Forecast.framework */,
			);
			name = Frameworks;
			sourceTree = "<group>";
		};
/* End PBXGroup section */

/* Begin PBXNativeTarget section */
		3254E5322425299B00592A43 /* Weather Forecast */ = {
			isa = PBXNativeTarget;
			buildConfigurationList = 3254E5472425299C00592A43 /* Build configuration list for PBXNativeTarget "Weather Forecast" */;
			buildPhases = (
				10F7477BE12AC0362ABCC296 /* [CP] Check Pods Manifest.lock */,
				3254E52F2425299B00592A43 /* Sources */,
				3254E5302425299B00592A43 /* Frameworks */,
				3254E5312425299B00592A43 /* Resources */,
				1034F7A60EB17AC365602712 /* [CP] Embed Pods Frameworks */,
			);
			buildRules = (
			);
			dependencies = (
			);
			name = "Weather Forecast";
			productName = "Weather Forecast";
			productReference = 3254E5332425299B00592A43 /* Weather Forecast.app */;
			productType = "com.apple.product-type.application";
		};
/* End PBXNativeTarget section */

/* Begin PBXProject section */
		3254E52B2425299B00592A43 /* Project object */ = {
			isa = PBXProject;
			attributes = {
				LastSwiftUpdateCheck = 1130;
				LastUpgradeCheck = 1130;
				ORGANIZATIONNAME = DmitriyYatsyuk;
				TargetAttributes = {
					3254E5322425299B00592A43 = {
						CreatedOnToolsVersion = 11.3.1;
					};
				};
			};
			buildConfigurationList = 3254E52E2425299B00592A43 /* Build configuration list for PBXProject "Weather Forecast" */;
			compatibilityVersion = "Xcode 9.3";
			developmentRegion = en;
			hasScannedForEncodings = 0;
			knownRegions = (
				en,
				Base,
			);
			mainGroup = 3254E52A2425299B00592A43;
			productRefGroup = 3254E5342425299B00592A43 /* Products */;
			projectDirPath = "";
			projectRoot = "";
			targets = (
				3254E5322425299B00592A43 /* Weather Forecast */,
			);
		};
/* End PBXProject section */

/* Begin PBXResourcesBuildPhase section */
		3254E5312425299B00592A43 /* Resources */ = {
			isa = PBXResourcesBuildPhase;
			buildActionMask = 2147483647;
			files = (
				320FF43B24266F3100C9CFB0 /* InfoCollectionViewCell.xib in Resources */,
				3254E5432425299C00592A43 /* LaunchScreen.storyboard in Resources */,
				3254E5402425299C00592A43 /* Assets.xcassets in Resources */,
				323C8F302427C2D400EC566B /* locations.csv in Resources */,
				3254E53E2425299B00592A43 /* Main.storyboard in Resources */,
				320FF4372426441F00C9CFB0 /* ForecastCollectionViewCell.xib in Resources */,
				32FC53512426253400C08CFE /* WeatherView.xib in Resources */,
				320FF44124267BA500C9CFB0 /* WeatherTableViewCell.xib in Resources */,
			);
			runOnlyForDeploymentPostprocessing = 0;
		};
/* End PBXResourcesBuildPhase section */

/* Begin PBXShellScriptBuildPhase section */
		1034F7A60EB17AC365602712 /* [CP] Embed Pods Frameworks */ = {
			isa = PBXShellScriptBuildPhase;
			buildActionMask = 2147483647;
			files = (
			);
			inputFileListPaths = (
				"${PODS_ROOT}/Target Support Files/Pods-Weather Forecast/Pods-Weather Forecast-frameworks-${CONFIGURATION}-input-files.xcfilelist",
			);
			name = "[CP] Embed Pods Frameworks";
			outputFileListPaths = (
				"${PODS_ROOT}/Target Support Files/Pods-Weather Forecast/Pods-Weather Forecast-frameworks-${CONFIGURATION}-output-files.xcfilelist",
			);
			runOnlyForDeploymentPostprocessing = 0;
			shellPath = /bin/sh;
			shellScript = "\"${PODS_ROOT}/Target Support Files/Pods-Weather Forecast/Pods-Weather Forecast-frameworks.sh\"\n";
			showEnvVarsInLog = 0;
		};
		10F7477BE12AC0362ABCC296 /* [CP] Check Pods Manifest.lock */ = {
			isa = PBXShellScriptBuildPhase;
			buildActionMask = 2147483647;
			files = (
			);
			inputFileListPaths = (
			);
			inputPaths = (
				"${PODS_PODFILE_DIR_PATH}/Podfile.lock",
				"${PODS_ROOT}/Manifest.lock",
			);
			name = "[CP] Check Pods Manifest.lock";
			outputFileListPaths = (
			);
			outputPaths = (
				"$(DERIVED_FILE_DIR)/Pods-Weather Forecast-checkManifestLockResult.txt",
			);
			runOnlyForDeploymentPostprocessing = 0;
			shellPath = /bin/sh;
			shellScript = "diff \"${PODS_PODFILE_DIR_PATH}/Podfile.lock\" \"${PODS_ROOT}/Manifest.lock\" > /dev/null\nif [ $? != 0 ] ; then\n    # print error to STDERR\n    echo \"error: The sandbox is not in sync with the Podfile.lock. Run 'pod install' or update your CocoaPods installation.\" >&2\n    exit 1\nfi\n# This output is used by Xcode 'outputs' to avoid re-running this script phase.\necho \"SUCCESS\" > \"${SCRIPT_OUTPUT_FILE_0}\"\n";
			showEnvVarsInLog = 0;
		};
/* End PBXShellScriptBuildPhase section */

/* Begin PBXSourcesBuildPhase section */
		3254E52F2425299B00592A43 /* Sources */ = {
			isa = PBXSourcesBuildPhase;
			buildActionMask = 2147483647;
			files = (
				3254E5372425299B00592A43 /* AppDelegate.swift in Sources */,
				323C8F2C2427883C00EC566B /* WeatherLocation.swift in Sources */,
				320FF43124263F5300C9CFB0 /* Extensions.swift in Sources */,
				323ACF252425733B009B7A3B /* WeeklyWeatherForecast.swift in Sources */,
				323ACF2124254928009B7A3B /* GlobalHelpers.swift in Sources */,
				323ACF23242554EC009B7A3B /* HourlyForecast.swift in Sources */,
				32FC534D2426158400C08CFE /* WeatherViewController.swift in Sources */,
				323ACF1E24252FF1009B7A3B /* CurrentWeather.swift in Sources */,
				323C8F2E24278A7600EC566B /* apiURLS.swift in Sources */,
				3254E5392425299B00592A43 /* SceneDelegate.swift in Sources */,
				326F492E2427C86100033CFA /* ChooseCityViewController.swift in Sources */,
				320FF43D2426734B00C9CFB0 /* WeatherInfo.swift in Sources */,
				320FF4362426441F00C9CFB0 /* ForecastCollectionViewCell.swift in Sources */,
				326F492C2427C84800033CFA /* AllLocationsTableViewController.swift in Sources */,
				320FF43A24266F3100C9CFB0 /* InfoCollectionViewCell.swift in Sources */,
				320FF44024267BA500C9CFB0 /* WeatherTableViewCell.swift in Sources */,
				32FC53502426253400C08CFE /* WeatherView.swift in Sources */,
			);
			runOnlyForDeploymentPostprocessing = 0;
		};
/* End PBXSourcesBuildPhase section */

/* Begin PBXVariantGroup section */
		3254E53C2425299B00592A43 /* Main.storyboard */ = {
			isa = PBXVariantGroup;
			children = (
				3254E53D2425299B00592A43 /* Base */,
			);
			name = Main.storyboard;
			sourceTree = "<group>";
		};
		3254E5412425299C00592A43 /* LaunchScreen.storyboard */ = {
			isa = PBXVariantGroup;
			children = (
				3254E5422425299C00592A43 /* Base */,
			);
			name = LaunchScreen.storyboard;
			sourceTree = "<group>";
		};
/* End PBXVariantGroup section */

/* Begin XCBuildConfiguration section */
		3254E5452425299C00592A43 /* Debug */ = {
			isa = XCBuildConfiguration;
			buildSettings = {
				ALWAYS_SEARCH_USER_PATHS = NO;
				CLANG_ANALYZER_NONNULL = YES;
				CLANG_ANALYZER_NUMBER_OBJECT_CONVERSION = YES_AGGRESSIVE;
				CLANG_CXX_LANGUAGE_STANDARD = "gnu++14";
				CLANG_CXX_LIBRARY = "libc++";
				CLANG_ENABLE_MODULES = YES;
				CLANG_ENABLE_OBJC_ARC = YES;
				CLANG_ENABLE_OBJC_WEAK = YES;
				CLANG_WARN_BLOCK_CAPTURE_AUTORELEASING = YES;
				CLANG_WARN_BOOL_CONVERSION = YES;
				CLANG_WARN_COMMA = YES;
				CLANG_WARN_CONSTANT_CONVERSION = YES;
				CLANG_WARN_DEPRECATED_OBJC_IMPLEMENTATIONS = YES;
				CLANG_WARN_DIRECT_OBJC_ISA_USAGE = YES_ERROR;
				CLANG_WARN_DOCUMENTATION_COMMENTS = YES;
				CLANG_WARN_EMPTY_BODY = YES;
				CLANG_WARN_ENUM_CONVERSION = YES;
				CLANG_WARN_INFINITE_RECURSION = YES;
				CLANG_WARN_INT_CONVERSION = YES;
				CLANG_WARN_NON_LITERAL_NULL_CONVERSION = YES;
				CLANG_WARN_OBJC_IMPLICIT_RETAIN_SELF = YES;
				CLANG_WARN_OBJC_LITERAL_CONVERSION = YES;
				CLANG_WARN_OBJC_ROOT_CLASS = YES_ERROR;
				CLANG_WARN_RANGE_LOOP_ANALYSIS = YES;
				CLANG_WARN_STRICT_PROTOTYPES = YES;
				CLANG_WARN_SUSPICIOUS_MOVE = YES;
				CLANG_WARN_UNGUARDED_AVAILABILITY = YES_AGGRESSIVE;
				CLANG_WARN_UNREACHABLE_CODE = YES;
				CLANG_WARN__DUPLICATE_METHOD_MATCH = YES;
				COPY_PHASE_STRIP = NO;
				DEBUG_INFORMATION_FORMAT = dwarf;
				ENABLE_STRICT_OBJC_MSGSEND = YES;
				ENABLE_TESTABILITY = YES;
				GCC_C_LANGUAGE_STANDARD = gnu11;
				GCC_DYNAMIC_NO_PIC = NO;
				GCC_NO_COMMON_BLOCKS = YES;
				GCC_OPTIMIZATION_LEVEL = 0;
				GCC_PREPROCESSOR_DEFINITIONS = (
					"DEBUG=1",
					"$(inherited)",
				);
				GCC_WARN_64_TO_32_BIT_CONVERSION = YES;
				GCC_WARN_ABOUT_RETURN_TYPE = YES_ERROR;
				GCC_WARN_UNDECLARED_SELECTOR = YES;
				GCC_WARN_UNINITIALIZED_AUTOS = YES_AGGRESSIVE;
				GCC_WARN_UNUSED_FUNCTION = YES;
				GCC_WARN_UNUSED_VARIABLE = YES;
				IPHONEOS_DEPLOYMENT_TARGET = 13.2;
				MTL_ENABLE_DEBUG_INFO = INCLUDE_SOURCE;
				MTL_FAST_MATH = YES;
				ONLY_ACTIVE_ARCH = YES;
				SDKROOT = iphoneos;
				SWIFT_ACTIVE_COMPILATION_CONDITIONS = DEBUG;
				SWIFT_OPTIMIZATION_LEVEL = "-Onone";
			};
			name = Debug;
		};
		3254E5462425299C00592A43 /* Release */ = {
			isa = XCBuildConfiguration;
			buildSettings = {
				ALWAYS_SEARCH_USER_PATHS = NO;
				CLANG_ANALYZER_NONNULL = YES;
				CLANG_ANALYZER_NUMBER_OBJECT_CONVERSION = YES_AGGRESSIVE;
				CLANG_CXX_LANGUAGE_STANDARD = "gnu++14";
				CLANG_CXX_LIBRARY = "libc++";
				CLANG_ENABLE_MODULES = YES;
				CLANG_ENABLE_OBJC_ARC = YES;
				CLANG_ENABLE_OBJC_WEAK = YES;
				CLANG_WARN_BLOCK_CAPTURE_AUTORELEASING = YES;
				CLANG_WARN_BOOL_CONVERSION = YES;
				CLANG_WARN_COMMA = YES;
				CLANG_WARN_CONSTANT_CONVERSION = YES;
				CLANG_WARN_DEPRECATED_OBJC_IMPLEMENTATIONS = YES;
				CLANG_WARN_DIRECT_OBJC_ISA_USAGE = YES_ERROR;
				CLANG_WARN_DOCUMENTATION_COMMENTS = YES;
				CLANG_WARN_EMPTY_BODY = YES;
				CLANG_WARN_ENUM_CONVERSION = YES;
				CLANG_WARN_INFINITE_RECURSION = YES;
				CLANG_WARN_INT_CONVERSION = YES;
				CLANG_WARN_NON_LITERAL_NULL_CONVERSION = YES;
				CLANG_WARN_OBJC_IMPLICIT_RETAIN_SELF = YES;
				CLANG_WARN_OBJC_LITERAL_CONVERSION = YES;
				CLANG_WARN_OBJC_ROOT_CLASS = YES_ERROR;
				CLANG_WARN_RANGE_LOOP_ANALYSIS = YES;
				CLANG_WARN_STRICT_PROTOTYPES = YES;
				CLANG_WARN_SUSPICIOUS_MOVE = YES;
				CLANG_WARN_UNGUARDED_AVAILABILITY = YES_AGGRESSIVE;
				CLANG_WARN_UNREACHABLE_CODE = YES;
				CLANG_WARN__DUPLICATE_METHOD_MATCH = YES;
				COPY_PHASE_STRIP = NO;
				DEBUG_INFORMATION_FORMAT = "dwarf-with-dsym";
				ENABLE_NS_ASSERTIONS = NO;
				ENABLE_STRICT_OBJC_MSGSEND = YES;
				GCC_C_LANGUAGE_STANDARD = gnu11;
				GCC_NO_COMMON_BLOCKS = YES;
				GCC_WARN_64_TO_32_BIT_CONVERSION = YES;
				GCC_WARN_ABOUT_RETURN_TYPE = YES_ERROR;
				GCC_WARN_UNDECLARED_SELECTOR = YES;
				GCC_WARN_UNINITIALIZED_AUTOS = YES_AGGRESSIVE;
				GCC_WARN_UNUSED_FUNCTION = YES;
				GCC_WARN_UNUSED_VARIABLE = YES;
				IPHONEOS_DEPLOYMENT_TARGET = 13.2;
				MTL_ENABLE_DEBUG_INFO = NO;
				MTL_FAST_MATH = YES;
				SDKROOT = iphoneos;
				SWIFT_COMPILATION_MODE = wholemodule;
				SWIFT_OPTIMIZATION_LEVEL = "-O";
				VALIDATE_PRODUCT = YES;
			};
			name = Release;
		};
		3254E5482425299C00592A43 /* Debug */ = {
			isa = XCBuildConfiguration;
			baseConfigurationReference = 126D33979D89E65D53EAF779 /* Pods-Weather Forecast.debug.xcconfig */;
			buildSettings = {
				ASSETCATALOG_COMPILER_APPICON_NAME = AppIcon;
				CODE_SIGN_STYLE = Automatic;
				DEVELOPMENT_TEAM = 2V83UZ9AV3;
				INFOPLIST_FILE = "Weather Forecast/Info.plist";
				LD_RUNPATH_SEARCH_PATHS = (
					"$(inherited)",
					"@executable_path/Frameworks",
				);
				PRODUCT_BUNDLE_IDENTIFIER = "ru.yatsyuk.dev-mail.Weather-Forecast";
				PRODUCT_NAME = "$(TARGET_NAME)";
				SWIFT_VERSION = 5.0;
				TARGETED_DEVICE_FAMILY = "1,2";
			};
			name = Debug;
		};
		3254E5492425299C00592A43 /* Release */ = {
			isa = XCBuildConfiguration;
			baseConfigurationReference = C965FD1991980A723A5042B5 /* Pods-Weather Forecast.release.xcconfig */;
			buildSettings = {
				ASSETCATALOG_COMPILER_APPICON_NAME = AppIcon;
				CODE_SIGN_STYLE = Automatic;
				DEVELOPMENT_TEAM = 2V83UZ9AV3;
				INFOPLIST_FILE = "Weather Forecast/Info.plist";
				LD_RUNPATH_SEARCH_PATHS = (
					"$(inherited)",
					"@executable_path/Frameworks",
				);
				PRODUCT_BUNDLE_IDENTIFIER = "ru.yatsyuk.dev-mail.Weather-Forecast";
				PRODUCT_NAME = "$(TARGET_NAME)";
				SWIFT_VERSION = 5.0;
				TARGETED_DEVICE_FAMILY = "1,2";
			};
			name = Release;
		};
/* End XCBuildConfiguration section */

/* Begin XCConfigurationList section */
		3254E52E2425299B00592A43 /* Build configuration list for PBXProject "Weather Forecast" */ = {
			isa = XCConfigurationList;
			buildConfigurations = (
				3254E5452425299C00592A43 /* Debug */,
				3254E5462425299C00592A43 /* Release */,
			);
			defaultConfigurationIsVisible = 0;
			defaultConfigurationName = Release;
		};
		3254E5472425299C00592A43 /* Build configuration list for PBXNativeTarget "Weather Forecast" */ = {
			isa = XCConfigurationList;
			buildConfigurations = (
				3254E5482425299C00592A43 /* Debug */,
				3254E5492425299C00592A43 /* Release */,
			);
			defaultConfigurationIsVisible = 0;
			defaultConfigurationName = Release;
		};
/* End XCConfigurationList section */
	};
	rootObject = 3254E52B2425299B00592A43 /* Project object */;
}
